{
  "name": "first-ai-agent",
  "version": "1.0.0",
  "lockfileVersion": 3,
  "requires": true,
  "packages": {
    "": {
      "name": "first-ai-agent",
      "version": "1.0.0",
      "license": "ISC",
      "devDependencies": {
        "globals": "^16.2.0"
      }
    },
    "node_modules/globals": {
      "version": "16.2.0",
      "resolved": "https://registry.npmjs.org/globals/-/globals-16.2.0.tgz",
      "integrity": "sha512-O+7l9tPdHCU320IigZZPj5zmRCFG9xHmx9cU8FqU2Rp+JN714seHV+2S9+JslCpY4gJwU2vOGox0wzgae/MCEg==",
      "dev": true,
      "license": "MIT",
      "engines": {
        "node": ">=18"
      },
      "funding": {
        "url": "https://github.com/sponsors/sindresorhus"
      }
    }
  }
}
